
Microsoft Visual Studio Solution File, Format Version 12.00
# Visual Studio Version 17
VisualStudioVersion = 17.4.33110.190
MinimumVisualStudioVersion = 10.0.40219.1
Project("{9A19103F-16F7-4668-BE54-9A1E7A4F7556}") = "WalletAppClone", "WalletAppClone.csproj", "{513796AB-7350-4867-B0CD-6042454EF385}"
EndProject
Project("{FAE04EC0-301F-11D3-BF4B-00C04F79EFBC}") = "WalletApp.Abstractions", "..\WalletApp.Abstractions\WalletApp.Abstractions.csproj", "{4D6B19C9-E78C-49A5-864E-6B250152448D}"
EndProject
Project("{FAE04EC0-301F-11D3-BF4B-00C04F79EFBC}") = "WalletApp.Infrastructure", "..\WalletApp.Infrastructure\WalletApp.Infrastructure.csproj", "{0F59CBF6-4115-47BA-A6BC-867C8342E55C}"
EndProject
Project("{FAE04EC0-301F-11D3-BF4B-00C04F79EFBC}") = "WalletApp.Models", "..\WalletApp.Models\WalletApp.Models.csproj", "{C8616E52-1112-4798-9C8B-C929030CE099}"
EndProject
Project("{FAE04EC0-301F-11D3-BF4B-00C04F79EFBC}") = "WalletApp.Services", "..\WalletApp.Services\WalletApp.Services.csproj", "{847648A8-42B8-490E-A4C8-A5302C69151C}"
EndProject
Global
	GlobalSection(SolutionConfigurationPlatforms) = preSolution
		Debug|Any CPU = Debug|Any CPU
		Release|Any CPU = Release|Any CPU
	EndGlobalSection
	GlobalSection(ProjectConfigurationPlatforms) = postSolution
		{513796AB-7350-4867-B0CD-6042454EF385}.Debug|Any CPU.ActiveCfg = Debug|Any CPU
		{513796AB-7350-4867-B0CD-6042454EF385}.Debug|Any CPU.Build.0 = Debug|Any CPU
		{513796AB-7350-4867-B0CD-6042454EF385}.Release|Any CPU.ActiveCfg = Release|Any CPU
		{513796AB-7350-4867-B0CD-6042454EF385}.Release|Any CPU.Build.0 = Release|Any CPU
		{4D6B19C9-E78C-49A5-864E-6B250152448D}.Debug|Any CPU.ActiveCfg = Debug|Any CPU
		{4D6B19C9-E78C-49A5-864E-6B250152448D}.Debug|Any CPU.Build.0 = Debug|Any CPU
		{4D6B19C9-E78C-49A5-864E-6B250152448D}.Release|Any CPU.ActiveCfg = Release|Any CPU
		{4D6B19C9-E78C-49A5-864E-6B250152448D}.Release|Any CPU.Build.0 = Release|Any CPU
		{0F59CBF6-4115-47BA-A6BC-867C8342E55C}.Debug|Any CPU.ActiveCfg = Debug|Any CPU
		{0F59CBF6-4115-47BA-A6BC-867C8342E55C}.Debug|Any CPU.Build.0 = Debug|Any CPU
		{0F59CBF6-4115-47BA-A6BC-867C8342E55C}.Release|Any CPU.ActiveCfg = Release|Any CPU
		{0F59CBF6-4115-47BA-A6BC-867C8342E55C}.Release|Any CPU.Build.0 = Release|Any CPU
		{C8616E52-1112-4798-9C8B-C929030CE099}.Debug|Any CPU.ActiveCfg = Debug|Any CPU
		{C8616E52-1112-4798-9C8B-C929030CE099}.Debug|Any CPU.Build.0 = Debug|Any CPU
		{C8616E52-1112-4798-9C8B-C929030CE099}.Release|Any CPU.ActiveCfg = Release|Any CPU
		{C8616E52-1112-4798-9C8B-C929030CE099}.Release|Any CPU.Build.0 = Release|Any CPU
		{847648A8-42B8-490E-A4C8-A5302C69151C}.Debug|Any CPU.ActiveCfg = Debug|Any CPU
		{847648A8-42B8-490E-A4C8-A5302C69151C}.Debug|Any CPU.Build.0 = Debug|Any CPU
		{847648A8-42B8-490E-A4C8-A5302C69151C}.Release|Any CPU.ActiveCfg = Release|Any CPU
		{847648A8-42B8-490E-A4C8-A5302C69151C}.Release|Any CPU.Build.0 = Release|Any CPU
	EndGlobalSection
	GlobalSection(SolutionProperties) = preSolution
		HideSolutionNode = FALSE
	EndGlobalSection
	GlobalSection(ExtensibilityGlobals) = postSolution
		SolutionGuid = {CC112AE1-7614-474F-885A-9878D24C5B3D}
	EndGlobalSection
EndGlobal
